
Microsoft Visual Studio Solution File, Format Version 12.00
# Visual Studio 15
VisualStudioVersion = 15.0.28010.2016
MinimumVisualStudioVersion = 10.0.40219.1
Project("{2150E333-8FDC-42A3-9474-1A3956D46DE8}") = "Web", "Web", "{BA8025B7-39AB-4042-8CCF-1CA566E05E87}"
EndProject
Project("{2150E333-8FDC-42A3-9474-1A3956D46DE8}") = "Hr", "Hr", "{643C7B73-3DC9-4E38-8F19-85B9EB5FD2C0}"
EndProject
Project("{9A19103F-16F7-4668-BE54-9A1E7A4F7556}") = "HrWebsite", "Web\Hr\HrWebsite\HrWebsite.csproj", "{F786A19C-C9FB-47B7-912F-FE32F6EDC89F}"
EndProject
Project("{9A19103F-16F7-4668-BE54-9A1E7A4F7556}") = "HrApi", "Web\Hr\HrApi\HrApi.csproj", "{4D1B0EDE-C445-43CB-94DB-137B95B237AD}"
EndProject
Project("{2150E333-8FDC-42A3-9474-1A3956D46DE8}") = "Common", "Common", "{78475436-F999-4E1F-8507-B5DB1018AF49}"
EndProject
Project("{2150E333-8FDC-42A3-9474-1A3956D46DE8}") = "DBContext", "DBContext", "{C0CE311E-D102-45B2-8125-DA5465737C30}"
EndProject
Project("{9A19103F-16F7-4668-BE54-9A1E7A4F7556}") = "Component", "Common\Extension\Component.csproj", "{D6BC922C-C95D-40BC-95AF-550132D40380}"
EndProject
Project("{2150E333-8FDC-42A3-9474-1A3956D46DE8}") = "Repository", "Repository", "{7D56A54E-3189-45FF-B0E0-EA5AB5E04773}"
EndProject
Project("{2150E333-8FDC-42A3-9474-1A3956D46DE8}") = "Tool", "Tool", "{946B6554-6E23-4489-982F-DB5E4C7B4A8D}"
EndProject
Project("{9A19103F-16F7-4668-BE54-9A1E7A4F7556}") = "Test", "Tool\Test\Test.csproj", "{848763B2-A438-4870-A728-5FDF1E7A138E}"
EndProject
Project("{9A19103F-16F7-4668-BE54-9A1E7A4F7556}") = "DBModels", "DBContext\DBModels\DBModels.csproj", "{E694F93B-C6BC-4D4A-9001-1B282D2C5D22}"
EndProject
Project("{9A19103F-16F7-4668-BE54-9A1E7A4F7556}") = "Tool.Copy", "Tool\Tool.Copy\Tool.Copy.csproj", "{E0616858-A9D7-4520-BE7B-2A80DE91036C}"
EndProject
Project("{2150E333-8FDC-42A3-9474-1A3956D46DE8}") = "ConfigurationFile", "ConfigurationFile", "{63B2FEE3-8C2F-4BE8-930A-D00172862249}"
EndProject
Project("{9A19103F-16F7-4668-BE54-9A1E7A4F7556}") = "Configuration", "ConfigurationFile\Configuration\Configuration.csproj", "{1FB4EA13-7EDB-4D1A-B9A4-B397E82E2344}"
EndProject
Project("{2150E333-8FDC-42A3-9474-1A3956D46DE8}") = "Shared", "Shared", "{8DCA2E58-4043-454F-9C61-D9D460D8A224}"
EndProject
Project("{2150E333-8FDC-42A3-9474-1A3956D46DE8}") = "Login", "Login", "{AB8B0804-95D1-44CC-AB2E-845F48AF5C23}"
EndProject
Project("{FAE04EC0-301F-11D3-BF4B-00C04F79EFBC}") = "CoreLogin", "CoreLogin\CoreLogin.csproj", "{9A612FD9-E64E-4F13-A3DD-C5DB7DFC13DD}"
EndProject
Project("{FAE04EC0-301F-11D3-BF4B-00C04F79EFBC}") = "CoreConsole", "Web\Login\CoreConsole\CoreConsole.csproj", "{775C7AED-7EB2-402D-BBB5-30BEEF7BE5E2}"
EndProject
Global
	GlobalSection(SolutionConfigurationPlatforms) = preSolution
		Debug|Any CPU = Debug|Any CPU
		Release|Any CPU = Release|Any CPU
	EndGlobalSection
	GlobalSection(ProjectConfigurationPlatforms) = postSolution
		{F786A19C-C9FB-47B7-912F-FE32F6EDC89F}.Debug|Any CPU.ActiveCfg = Debug|Any CPU
		{F786A19C-C9FB-47B7-912F-FE32F6EDC89F}.Debug|Any CPU.Build.0 = Debug|Any CPU
		{F786A19C-C9FB-47B7-912F-FE32F6EDC89F}.Release|Any CPU.ActiveCfg = Release|Any CPU
		{F786A19C-C9FB-47B7-912F-FE32F6EDC89F}.Release|Any CPU.Build.0 = Release|Any CPU
		{4D1B0EDE-C445-43CB-94DB-137B95B237AD}.Debug|Any CPU.ActiveCfg = Debug|Any CPU
		{4D1B0EDE-C445-43CB-94DB-137B95B237AD}.Debug|Any CPU.Build.0 = Debug|Any CPU
		{4D1B0EDE-C445-43CB-94DB-137B95B237AD}.Release|Any CPU.ActiveCfg = Release|Any CPU
		{4D1B0EDE-C445-43CB-94DB-137B95B237AD}.Release|Any CPU.Build.0 = Release|Any CPU
		{D6BC922C-C95D-40BC-95AF-550132D40380}.Debug|Any CPU.ActiveCfg = Debug|Any CPU
		{D6BC922C-C95D-40BC-95AF-550132D40380}.Debug|Any CPU.Build.0 = Debug|Any CPU
		{D6BC922C-C95D-40BC-95AF-550132D40380}.Release|Any CPU.ActiveCfg = Release|Any CPU
		{D6BC922C-C95D-40BC-95AF-550132D40380}.Release|Any CPU.Build.0 = Release|Any CPU
		{848763B2-A438-4870-A728-5FDF1E7A138E}.Debug|Any CPU.ActiveCfg = Debug|Any CPU
		{848763B2-A438-4870-A728-5FDF1E7A138E}.Debug|Any CPU.Build.0 = Debug|Any CPU
		{848763B2-A438-4870-A728-5FDF1E7A138E}.Release|Any CPU.ActiveCfg = Release|Any CPU
		{848763B2-A438-4870-A728-5FDF1E7A138E}.Release|Any CPU.Build.0 = Release|Any CPU
		{E694F93B-C6BC-4D4A-9001-1B282D2C5D22}.Debug|Any CPU.ActiveCfg = Debug|Any CPU
		{E694F93B-C6BC-4D4A-9001-1B282D2C5D22}.Debug|Any CPU.Build.0 = Debug|Any CPU
		{E694F93B-C6BC-4D4A-9001-1B282D2C5D22}.Release|Any CPU.ActiveCfg = Release|Any CPU
		{E694F93B-C6BC-4D4A-9001-1B282D2C5D22}.Release|Any CPU.Build.0 = Release|Any CPU
		{E0616858-A9D7-4520-BE7B-2A80DE91036C}.Debug|Any CPU.ActiveCfg = Debug|Any CPU
		{E0616858-A9D7-4520-BE7B-2A80DE91036C}.Debug|Any CPU.Build.0 = Debug|Any CPU
		{E0616858-A9D7-4520-BE7B-2A80DE91036C}.Release|Any CPU.ActiveCfg = Release|Any CPU
		{E0616858-A9D7-4520-BE7B-2A80DE91036C}.Release|Any CPU.Build.0 = Release|Any CPU
		{1FB4EA13-7EDB-4D1A-B9A4-B397E82E2344}.Debug|Any CPU.ActiveCfg = Debug|Any CPU
		{1FB4EA13-7EDB-4D1A-B9A4-B397E82E2344}.Debug|Any CPU.Build.0 = Debug|Any CPU
		{1FB4EA13-7EDB-4D1A-B9A4-B397E82E2344}.Release|Any CPU.ActiveCfg = Release|Any CPU
		{1FB4EA13-7EDB-4D1A-B9A4-B397E82E2344}.Release|Any CPU.Build.0 = Release|Any CPU
		{9A612FD9-E64E-4F13-A3DD-C5DB7DFC13DD}.Debug|Any CPU.ActiveCfg = Debug|Any CPU
		{9A612FD9-E64E-4F13-A3DD-C5DB7DFC13DD}.Debug|Any CPU.Build.0 = Debug|Any CPU
		{9A612FD9-E64E-4F13-A3DD-C5DB7DFC13DD}.Release|Any CPU.ActiveCfg = Release|Any CPU
		{9A612FD9-E64E-4F13-A3DD-C5DB7DFC13DD}.Release|Any CPU.Build.0 = Release|Any CPU
		{775C7AED-7EB2-402D-BBB5-30BEEF7BE5E2}.Debug|Any CPU.ActiveCfg = Debug|Any CPU
		{775C7AED-7EB2-402D-BBB5-30BEEF7BE5E2}.Debug|Any CPU.Build.0 = Debug|Any CPU
		{775C7AED-7EB2-402D-BBB5-30BEEF7BE5E2}.Release|Any CPU.ActiveCfg = Release|Any CPU
		{775C7AED-7EB2-402D-BBB5-30BEEF7BE5E2}.Release|Any CPU.Build.0 = Release|Any CPU
	EndGlobalSection
	GlobalSection(SolutionProperties) = preSolution
		HideSolutionNode = FALSE
	EndGlobalSection
	GlobalSection(NestedProjects) = preSolution
		{643C7B73-3DC9-4E38-8F19-85B9EB5FD2C0} = {BA8025B7-39AB-4042-8CCF-1CA566E05E87}
		{F786A19C-C9FB-47B7-912F-FE32F6EDC89F} = {643C7B73-3DC9-4E38-8F19-85B9EB5FD2C0}
		{4D1B0EDE-C445-43CB-94DB-137B95B237AD} = {643C7B73-3DC9-4E38-8F19-85B9EB5FD2C0}
		{D6BC922C-C95D-40BC-95AF-550132D40380} = {78475436-F999-4E1F-8507-B5DB1018AF49}
		{848763B2-A438-4870-A728-5FDF1E7A138E} = {946B6554-6E23-4489-982F-DB5E4C7B4A8D}
		{E694F93B-C6BC-4D4A-9001-1B282D2C5D22} = {C0CE311E-D102-45B2-8125-DA5465737C30}
		{E0616858-A9D7-4520-BE7B-2A80DE91036C} = {946B6554-6E23-4489-982F-DB5E4C7B4A8D}
		{1FB4EA13-7EDB-4D1A-B9A4-B397E82E2344} = {63B2FEE3-8C2F-4BE8-930A-D00172862249}
		{8DCA2E58-4043-454F-9C61-D9D460D8A224} = {BA8025B7-39AB-4042-8CCF-1CA566E05E87}
		{AB8B0804-95D1-44CC-AB2E-845F48AF5C23} = {BA8025B7-39AB-4042-8CCF-1CA566E05E87}
		{9A612FD9-E64E-4F13-A3DD-C5DB7DFC13DD} = {AB8B0804-95D1-44CC-AB2E-845F48AF5C23}
		{775C7AED-7EB2-402D-BBB5-30BEEF7BE5E2} = {AB8B0804-95D1-44CC-AB2E-845F48AF5C23}
	EndGlobalSection
	GlobalSection(ExtensibilityGlobals) = postSolution
		SolutionGuid = {6A6D2C3A-77FF-4733-A908-A28FC3C6229D}
	EndGlobalSection
EndGlobal
