
Microsoft Visual Studio Solution File, Format Version 12.00
# Visual Studio 15
VisualStudioVersion = 15.0.28010.2016
MinimumVisualStudioVersion = 10.0.40219.1
Project("{2150E333-8FDC-42A3-9474-1A3956D46DE8}") = "Web", "Web", "{BA8025B7-39AB-4042-8CCF-1CA566E05E87}"
EndProject
Project("{2150E333-8FDC-42A3-9474-1A3956D46DE8}") = "Hr", "Hr", "{643C7B73-3DC9-4E38-8F19-85B9EB5FD2C0}"
EndProject
Project("{9A19103F-16F7-4668-BE54-9A1E7A4F7556}") = "HrWebsite", "Web\Hr\HrWebsite\HrWebsite.csproj", "{F786A19C-C9FB-47B7-912F-FE32F6EDC89F}"
EndProject
Project("{9A19103F-16F7-4668-BE54-9A1E7A4F7556}") = "HrApi", "Web\Hr\HrApi\HrApi.csproj", "{4D1B0EDE-C445-43CB-94DB-137B95B237AD}"
EndProject
Project("{2150E333-8FDC-42A3-9474-1A3956D46DE8}") = "Data", "Data", "{124A3B65-9942-4FB7-8D8B-DC5F34631B71}"
EndProject
Project("{FAE04EC0-301F-11D3-BF4B-00C04F79EFBC}") = "Entity", "Data\Entity\Entity.csproj", "{26244309-ED4B-4261-929C-C474DF33C96C}"
EndProject
Project("{2150E333-8FDC-42A3-9474-1A3956D46DE8}") = "Common", "Common", "{78475436-F999-4E1F-8507-B5DB1018AF49}"
EndProject
Project("{2150E333-8FDC-42A3-9474-1A3956D46DE8}") = "DBContext", "DBContext", "{C0CE311E-D102-45B2-8125-DA5465737C30}"
EndProject
Project("{FAE04EC0-301F-11D3-BF4B-00C04F79EFBC}") = "DBModels", "DBContext\DBModels\DBModels.csproj", "{2149D980-3B18-42A7-9DDC-C195EDF41711}"
EndProject
Project("{FAE04EC0-301F-11D3-BF4B-00C04F79EFBC}") = "Component", "Common\Extension\Component.csproj", "{D6BC922C-C95D-40BC-95AF-550132D40380}"
EndProject
Project("{2150E333-8FDC-42A3-9474-1A3956D46DE8}") = "Repository", "Repository", "{7D56A54E-3189-45FF-B0E0-EA5AB5E04773}"
EndProject
Project("{2150E333-8FDC-42A3-9474-1A3956D46DE8}") = "Tool", "Tool", "{946B6554-6E23-4489-982F-DB5E4C7B4A8D}"
EndProject
Project("{FAE04EC0-301F-11D3-BF4B-00C04F79EFBC}") = "Test", "Tool\Test\Test.csproj", "{848763B2-A438-4870-A728-5FDF1E7A138E}"
EndProject
Global
	GlobalSection(SolutionConfigurationPlatforms) = preSolution
		Debug|Any CPU = Debug|Any CPU
		Release|Any CPU = Release|Any CPU
	EndGlobalSection
	GlobalSection(ProjectConfigurationPlatforms) = postSolution
		{F786A19C-C9FB-47B7-912F-FE32F6EDC89F}.Debug|Any CPU.ActiveCfg = Debug|Any CPU
		{F786A19C-C9FB-47B7-912F-FE32F6EDC89F}.Debug|Any CPU.Build.0 = Debug|Any CPU
		{F786A19C-C9FB-47B7-912F-FE32F6EDC89F}.Release|Any CPU.ActiveCfg = Release|Any CPU
		{F786A19C-C9FB-47B7-912F-FE32F6EDC89F}.Release|Any CPU.Build.0 = Release|Any CPU
		{4D1B0EDE-C445-43CB-94DB-137B95B237AD}.Debug|Any CPU.ActiveCfg = Debug|Any CPU
		{4D1B0EDE-C445-43CB-94DB-137B95B237AD}.Debug|Any CPU.Build.0 = Debug|Any CPU
		{4D1B0EDE-C445-43CB-94DB-137B95B237AD}.Release|Any CPU.ActiveCfg = Release|Any CPU
		{4D1B0EDE-C445-43CB-94DB-137B95B237AD}.Release|Any CPU.Build.0 = Release|Any CPU
		{26244309-ED4B-4261-929C-C474DF33C96C}.Debug|Any CPU.ActiveCfg = Debug|Any CPU
		{26244309-ED4B-4261-929C-C474DF33C96C}.Debug|Any CPU.Build.0 = Debug|Any CPU
		{26244309-ED4B-4261-929C-C474DF33C96C}.Release|Any CPU.ActiveCfg = Release|Any CPU
		{26244309-ED4B-4261-929C-C474DF33C96C}.Release|Any CPU.Build.0 = Release|Any CPU
		{2149D980-3B18-42A7-9DDC-C195EDF41711}.Debug|Any CPU.ActiveCfg = Debug|Any CPU
		{2149D980-3B18-42A7-9DDC-C195EDF41711}.Debug|Any CPU.Build.0 = Debug|Any CPU
		{2149D980-3B18-42A7-9DDC-C195EDF41711}.Release|Any CPU.ActiveCfg = Release|Any CPU
		{2149D980-3B18-42A7-9DDC-C195EDF41711}.Release|Any CPU.Build.0 = Release|Any CPU
		{D6BC922C-C95D-40BC-95AF-550132D40380}.Debug|Any CPU.ActiveCfg = Debug|Any CPU
		{D6BC922C-C95D-40BC-95AF-550132D40380}.Debug|Any CPU.Build.0 = Debug|Any CPU
		{D6BC922C-C95D-40BC-95AF-550132D40380}.Release|Any CPU.ActiveCfg = Release|Any CPU
		{D6BC922C-C95D-40BC-95AF-550132D40380}.Release|Any CPU.Build.0 = Release|Any CPU
		{848763B2-A438-4870-A728-5FDF1E7A138E}.Debug|Any CPU.ActiveCfg = Debug|Any CPU
		{848763B2-A438-4870-A728-5FDF1E7A138E}.Debug|Any CPU.Build.0 = Debug|Any CPU
		{848763B2-A438-4870-A728-5FDF1E7A138E}.Release|Any CPU.ActiveCfg = Release|Any CPU
		{848763B2-A438-4870-A728-5FDF1E7A138E}.Release|Any CPU.Build.0 = Release|Any CPU
	EndGlobalSection
	GlobalSection(SolutionProperties) = preSolution
		HideSolutionNode = FALSE
	EndGlobalSection
	GlobalSection(NestedProjects) = preSolution
		{643C7B73-3DC9-4E38-8F19-85B9EB5FD2C0} = {BA8025B7-39AB-4042-8CCF-1CA566E05E87}
		{F786A19C-C9FB-47B7-912F-FE32F6EDC89F} = {643C7B73-3DC9-4E38-8F19-85B9EB5FD2C0}
		{4D1B0EDE-C445-43CB-94DB-137B95B237AD} = {643C7B73-3DC9-4E38-8F19-85B9EB5FD2C0}
		{26244309-ED4B-4261-929C-C474DF33C96C} = {124A3B65-9942-4FB7-8D8B-DC5F34631B71}
		{2149D980-3B18-42A7-9DDC-C195EDF41711} = {C0CE311E-D102-45B2-8125-DA5465737C30}
		{D6BC922C-C95D-40BC-95AF-550132D40380} = {78475436-F999-4E1F-8507-B5DB1018AF49}
		{848763B2-A438-4870-A728-5FDF1E7A138E} = {946B6554-6E23-4489-982F-DB5E4C7B4A8D}
	EndGlobalSection
	GlobalSection(ExtensibilityGlobals) = postSolution
		SolutionGuid = {6A6D2C3A-77FF-4733-A908-A28FC3C6229D}
	EndGlobalSection
EndGlobal
