
Microsoft Visual Studio Solution File, Format Version 12.00
# Visual Studio 15
VisualStudioVersion = 15.0.28010.2016
MinimumVisualStudioVersion = 10.0.40219.1
Project("{FAE04EC0-301F-11D3-BF4B-00C04F79EFBC}") = "MyCore", "MyCore\MyCore.csproj", "{A7439D9E-8D47-4E71-940C-F5D95B0E2EFF}"
EndProject
Project("{FAE04EC0-301F-11D3-BF4B-00C04F79EFBC}") = "Component", "Component\Component.csproj", "{70C61E31-82E1-4F60-A55D-FAC27C6EE3A6}"
EndProject
Global
	GlobalSection(SolutionConfigurationPlatforms) = preSolution
		Debug|Any CPU = Debug|Any CPU
		Release|Any CPU = Release|Any CPU
	EndGlobalSection
	GlobalSection(ProjectConfigurationPlatforms) = postSolution
		{A7439D9E-8D47-4E71-940C-F5D95B0E2EFF}.Debug|Any CPU.ActiveCfg = Debug|Any CPU
		{A7439D9E-8D47-4E71-940C-F5D95B0E2EFF}.Debug|Any CPU.Build.0 = Debug|Any CPU
		{A7439D9E-8D47-4E71-940C-F5D95B0E2EFF}.Release|Any CPU.ActiveCfg = Release|Any CPU
		{A7439D9E-8D47-4E71-940C-F5D95B0E2EFF}.Release|Any CPU.Build.0 = Release|Any CPU
		{70C61E31-82E1-4F60-A55D-FAC27C6EE3A6}.Debug|Any CPU.ActiveCfg = Debug|Any CPU
		{70C61E31-82E1-4F60-A55D-FAC27C6EE3A6}.Debug|Any CPU.Build.0 = Debug|Any CPU
		{70C61E31-82E1-4F60-A55D-FAC27C6EE3A6}.Release|Any CPU.ActiveCfg = Release|Any CPU
		{70C61E31-82E1-4F60-A55D-FAC27C6EE3A6}.Release|Any CPU.Build.0 = Release|Any CPU
	EndGlobalSection
	GlobalSection(SolutionProperties) = preSolution
		HideSolutionNode = FALSE
	EndGlobalSection
	GlobalSection(ExtensibilityGlobals) = postSolution
		SolutionGuid = {222E5EC1-5D34-4E53-8C13-385146FA0DF5}
	EndGlobalSection
EndGlobal
